// !$*UTF8*$!
{
	archiveVersion = 1;
	classes = {
	};
	objectVersion = 50;
	objects = {

/* Begin PBXBuildFile section */
		7B2A2529249E7F1C00148AE7 /* AppDelegate.swift in Sources */ = {isa = PBXBuildFile; fileRef = 7B2A2528249E7F1C00148AE7 /* AppDelegate.swift */; };
		7B2A252B249E7F1C00148AE7 /* SceneDelegate.swift in Sources */ = {isa = PBXBuildFile; fileRef = 7B2A252A249E7F1C00148AE7 /* SceneDelegate.swift */; };
		7B2A252D249E7F1C00148AE7 /* ViewController.swift in Sources */ = {isa = PBXBuildFile; fileRef = 7B2A252C249E7F1C00148AE7 /* ViewController.swift */; };
		7B2A2530249E7F1C00148AE7 /* Main.storyboard in Resources */ = {isa = PBXBuildFile; fileRef = 7B2A252E249E7F1C00148AE7 /* Main.storyboard */; };
		7B2A2532249E7F1F00148AE7 /* Assets.xcassets in Resources */ = {isa = PBXBuildFile; fileRef = 7B2A2531249E7F1F00148AE7 /* Assets.xcassets */; };
		7B2A2535249E7F1F00148AE7 /* LaunchScreen.storyboard in Resources */ = {isa = PBXBuildFile; fileRef = 7B2A2533249E7F1F00148AE7 /* LaunchScreen.storyboard */; };
		7B2A2540249E7F1F00148AE7 /* WeatherDetroitLabsTests.swift in Sources */ = {isa = PBXBuildFile; fileRef = 7B2A253F249E7F1F00148AE7 /* WeatherDetroitLabsTests.swift */; };
		7B2A2550249E816700148AE7 /* Network.swift in Sources */ = {isa = PBXBuildFile; fileRef = 7B2A254F249E816700148AE7 /* Network.swift */; };
		7B2A2554249E871300148AE7 /* Weather.swift in Sources */ = {isa = PBXBuildFile; fileRef = 7B2A2553249E871300148AE7 /* Weather.swift */; };
		7B2A2558249E893B00148AE7 /* Main.swift in Sources */ = {isa = PBXBuildFile; fileRef = 7B2A2557249E893B00148AE7 /* Main.swift */; };
		7B2A255E249E8EA200148AE7 /* CurrentWeather.swift in Sources */ = {isa = PBXBuildFile; fileRef = 7B2A255D249E8EA200148AE7 /* CurrentWeather.swift */; };
		7B2A2560249E8FA900148AE7 /* FiveDayWeather.swift in Sources */ = {isa = PBXBuildFile; fileRef = 7B2A255F249E8FA900148AE7 /* FiveDayWeather.swift */; };
		7B2A2562249E908A00148AE7 /* ForecastWeather.swift in Sources */ = {isa = PBXBuildFile; fileRef = 7B2A2561249E908A00148AE7 /* ForecastWeather.swift */; };
		7B2A2564249E946600148AE7 /* NetworkError.swift in Sources */ = {isa = PBXBuildFile; fileRef = 7B2A2563249E946600148AE7 /* NetworkError.swift */; };
		7B2A2566249E94DA00148AE7 /* WebServices.swift in Sources */ = {isa = PBXBuildFile; fileRef = 7B2A2565249E94DA00148AE7 /* WebServices.swift */; };
		7B2A2568249E957A00148AE7 /* Constants.swift in Sources */ = {isa = PBXBuildFile; fileRef = 7B2A2567249E957A00148AE7 /* Constants.swift */; };
/* End PBXBuildFile section */

/* Begin PBXContainerItemProxy section */
		7B2A253C249E7F1F00148AE7 /* PBXContainerItemProxy */ = {
			isa = PBXContainerItemProxy;
			containerPortal = 7B2A251D249E7F1C00148AE7 /* Project object */;
			proxyType = 1;
			remoteGlobalIDString = 7B2A2524249E7F1C00148AE7;
			remoteInfo = WeatherDetroitLabs;
		};
/* End PBXContainerItemProxy section */

/* Begin PBXFileReference section */
		7B2A2525249E7F1C00148AE7 /* WeatherDetroitLabs.app */ = {isa = PBXFileReference; explicitFileType = wrapper.application; includeInIndex = 0; path = WeatherDetroitLabs.app; sourceTree = BUILT_PRODUCTS_DIR; };
		7B2A2528249E7F1C00148AE7 /* AppDelegate.swift */ = {isa = PBXFileReference; lastKnownFileType = sourcecode.swift; path = AppDelegate.swift; sourceTree = "<group>"; };
		7B2A252A249E7F1C00148AE7 /* SceneDelegate.swift */ = {isa = PBXFileReference; lastKnownFileType = sourcecode.swift; path = SceneDelegate.swift; sourceTree = "<group>"; };
		7B2A252C249E7F1C00148AE7 /* ViewController.swift */ = {isa = PBXFileReference; lastKnownFileType = sourcecode.swift; path = ViewController.swift; sourceTree = "<group>"; };
		7B2A252F249E7F1C00148AE7 /* Base */ = {isa = PBXFileReference; lastKnownFileType = file.storyboard; name = Base; path = Base.lproj/Main.storyboard; sourceTree = "<group>"; };
		7B2A2531249E7F1F00148AE7 /* Assets.xcassets */ = {isa = PBXFileReference; lastKnownFileType = folder.assetcatalog; path = Assets.xcassets; sourceTree = "<group>"; };
		7B2A2534249E7F1F00148AE7 /* Base */ = {isa = PBXFileReference; lastKnownFileType = file.storyboard; name = Base; path = Base.lproj/LaunchScreen.storyboard; sourceTree = "<group>"; };
		7B2A2536249E7F1F00148AE7 /* Info.plist */ = {isa = PBXFileReference; lastKnownFileType = text.plist.xml; path = Info.plist; sourceTree = "<group>"; };
		7B2A253B249E7F1F00148AE7 /* WeatherDetroitLabsTests.xctest */ = {isa = PBXFileReference; explicitFileType = wrapper.cfbundle; includeInIndex = 0; path = WeatherDetroitLabsTests.xctest; sourceTree = BUILT_PRODUCTS_DIR; };
		7B2A253F249E7F1F00148AE7 /* WeatherDetroitLabsTests.swift */ = {isa = PBXFileReference; lastKnownFileType = sourcecode.swift; path = WeatherDetroitLabsTests.swift; sourceTree = "<group>"; };
		7B2A2541249E7F1F00148AE7 /* Info.plist */ = {isa = PBXFileReference; lastKnownFileType = text.plist.xml; path = Info.plist; sourceTree = "<group>"; };
		7B2A254F249E816700148AE7 /* Network.swift */ = {isa = PBXFileReference; lastKnownFileType = sourcecode.swift; path = Network.swift; sourceTree = "<group>"; };
		7B2A2553249E871300148AE7 /* Weather.swift */ = {isa = PBXFileReference; lastKnownFileType = sourcecode.swift; path = Weather.swift; sourceTree = "<group>"; };
		7B2A2557249E893B00148AE7 /* Main.swift */ = {isa = PBXFileReference; lastKnownFileType = sourcecode.swift; path = Main.swift; sourceTree = "<group>"; };
		7B2A255D249E8EA200148AE7 /* CurrentWeather.swift */ = {isa = PBXFileReference; lastKnownFileType = sourcecode.swift; path = CurrentWeather.swift; sourceTree = "<group>"; };
		7B2A255F249E8FA900148AE7 /* FiveDayWeather.swift */ = {isa = PBXFileReference; lastKnownFileType = sourcecode.swift; path = FiveDayWeather.swift; sourceTree = "<group>"; };
		7B2A2561249E908A00148AE7 /* ForecastWeather.swift */ = {isa = PBXFileReference; lastKnownFileType = sourcecode.swift; path = ForecastWeather.swift; sourceTree = "<group>"; };
		7B2A2563249E946600148AE7 /* NetworkError.swift */ = {isa = PBXFileReference; lastKnownFileType = sourcecode.swift; path = NetworkError.swift; sourceTree = "<group>"; };
		7B2A2565249E94DA00148AE7 /* WebServices.swift */ = {isa = PBXFileReference; lastKnownFileType = sourcecode.swift; path = WebServices.swift; sourceTree = "<group>"; };
		7B2A2567249E957A00148AE7 /* Constants.swift */ = {isa = PBXFileReference; lastKnownFileType = sourcecode.swift; path = Constants.swift; sourceTree = "<group>"; };
/* End PBXFileReference section */

/* Begin PBXFrameworksBuildPhase section */
		7B2A2522249E7F1C00148AE7 /* Frameworks */ = {
			isa = PBXFrameworksBuildPhase;
			buildActionMask = 2147483647;
			files = (
			);
			runOnlyForDeploymentPostprocessing = 0;
		};
		7B2A2538249E7F1F00148AE7 /* Frameworks */ = {
			isa = PBXFrameworksBuildPhase;
			buildActionMask = 2147483647;
			files = (
			);
			runOnlyForDeploymentPostprocessing = 0;
		};
/* End PBXFrameworksBuildPhase section */

/* Begin PBXGroup section */
		7B2A251C249E7F1C00148AE7 = {
			isa = PBXGroup;
			children = (
				7B2A2527249E7F1C00148AE7 /* WeatherDetroitLabs */,
				7B2A253E249E7F1F00148AE7 /* WeatherDetroitLabsTests */,
				7B2A2526249E7F1C00148AE7 /* Products */,
			);
			sourceTree = "<group>";
		};
		7B2A2526249E7F1C00148AE7 /* Products */ = {
			isa = PBXGroup;
			children = (
				7B2A2525249E7F1C00148AE7 /* WeatherDetroitLabs.app */,
				7B2A253B249E7F1F00148AE7 /* WeatherDetroitLabsTests.xctest */,
			);
			name = Products;
			sourceTree = "<group>";
		};
		7B2A2527249E7F1C00148AE7 /* WeatherDetroitLabs */ = {
			isa = PBXGroup;
			children = (
				7B2A2528249E7F1C00148AE7 /* AppDelegate.swift */,
				7B2A252A249E7F1C00148AE7 /* SceneDelegate.swift */,
				7B2A2567249E957A00148AE7 /* Constants.swift */,
				7B2A254A249E7F4E00148AE7 /* Models */,
				7B2A254B249E7F5B00148AE7 /* View */,
				7B2A254C249E7F7500148AE7 /* Controllers */,
				7B2A254D249E7FC800148AE7 /* Resources */,
				7B2A254E249E7FF700148AE7 /* Supporting Files */,
			);
			path = WeatherDetroitLabs;
			sourceTree = "<group>";
		};
		7B2A253E249E7F1F00148AE7 /* WeatherDetroitLabsTests */ = {
			isa = PBXGroup;
			children = (
				7B2A253F249E7F1F00148AE7 /* WeatherDetroitLabsTests.swift */,
				7B2A2541249E7F1F00148AE7 /* Info.plist */,
			);
			path = WeatherDetroitLabsTests;
			sourceTree = "<group>";
		};
		7B2A254A249E7F4E00148AE7 /* Models */ = {
			isa = PBXGroup;
			children = (
				7B2A254F249E816700148AE7 /* Network.swift */,
				7B2A2563249E946600148AE7 /* NetworkError.swift */,
				7B2A2565249E94DA00148AE7 /* WebServices.swift */,
				7B2A255D249E8EA200148AE7 /* CurrentWeather.swift */,
				7B2A255F249E8FA900148AE7 /* FiveDayWeather.swift */,
				7B2A2561249E908A00148AE7 /* ForecastWeather.swift */,
				7B2A2553249E871300148AE7 /* Weather.swift */,
				7B2A2557249E893B00148AE7 /* Main.swift */,
			);
			path = Models;
			sourceTree = "<group>";
		};
		7B2A254B249E7F5B00148AE7 /* View */ = {
			isa = PBXGroup;
			children = (
			);
			path = View;
			sourceTree = "<group>";
		};
		7B2A254C249E7F7500148AE7 /* Controllers */ = {
			isa = PBXGroup;
			children = (
				7B2A252C249E7F1C00148AE7 /* ViewController.swift */,
			);
			path = Controllers;
			sourceTree = "<group>";
		};
		7B2A254D249E7FC800148AE7 /* Resources */ = {
			isa = PBXGroup;
			children = (
				7B2A252E249E7F1C00148AE7 /* Main.storyboard */,
				7B2A2533249E7F1F00148AE7 /* LaunchScreen.storyboard */,
				7B2A2531249E7F1F00148AE7 /* Assets.xcassets */,
			);
			path = Resources;
			sourceTree = "<group>";
		};
		7B2A254E249E7FF700148AE7 /* Supporting Files */ = {
			isa = PBXGroup;
			children = (
				7B2A2536249E7F1F00148AE7 /* Info.plist */,
			);
			path = "Supporting Files";
			sourceTree = "<group>";
		};
/* End PBXGroup section */

/* Begin PBXNativeTarget section */
		7B2A2524249E7F1C00148AE7 /* WeatherDetroitLabs */ = {
			isa = PBXNativeTarget;
			buildConfigurationList = 7B2A2544249E7F1F00148AE7 /* Build configuration list for PBXNativeTarget "WeatherDetroitLabs" */;
			buildPhases = (
				7B2A2521249E7F1C00148AE7 /* Sources */,
				7B2A2522249E7F1C00148AE7 /* Frameworks */,
				7B2A2523249E7F1C00148AE7 /* Resources */,
			);
			buildRules = (
			);
			dependencies = (
			);
			name = WeatherDetroitLabs;
			productName = WeatherDetroitLabs;
			productReference = 7B2A2525249E7F1C00148AE7 /* WeatherDetroitLabs.app */;
			productType = "com.apple.product-type.application";
		};
		7B2A253A249E7F1F00148AE7 /* WeatherDetroitLabsTests */ = {
			isa = PBXNativeTarget;
			buildConfigurationList = 7B2A2547249E7F1F00148AE7 /* Build configuration list for PBXNativeTarget "WeatherDetroitLabsTests" */;
			buildPhases = (
				7B2A2537249E7F1F00148AE7 /* Sources */,
				7B2A2538249E7F1F00148AE7 /* Frameworks */,
				7B2A2539249E7F1F00148AE7 /* Resources */,
			);
			buildRules = (
			);
			dependencies = (
				7B2A253D249E7F1F00148AE7 /* PBXTargetDependency */,
			);
			name = WeatherDetroitLabsTests;
			productName = WeatherDetroitLabsTests;
			productReference = 7B2A253B249E7F1F00148AE7 /* WeatherDetroitLabsTests.xctest */;
			productType = "com.apple.product-type.bundle.unit-test";
		};
/* End PBXNativeTarget section */

/* Begin PBXProject section */
		7B2A251D249E7F1C00148AE7 /* Project object */ = {
			isa = PBXProject;
			attributes = {
				LastSwiftUpdateCheck = 1150;
				LastUpgradeCheck = 1150;
				ORGANIZATIONNAME = "Raymond Gatz";
				TargetAttributes = {
					7B2A2524249E7F1C00148AE7 = {
						CreatedOnToolsVersion = 11.5;
					};
					7B2A253A249E7F1F00148AE7 = {
						CreatedOnToolsVersion = 11.5;
						TestTargetID = 7B2A2524249E7F1C00148AE7;
					};
				};
			};
			buildConfigurationList = 7B2A2520249E7F1C00148AE7 /* Build configuration list for PBXProject "WeatherDetroitLabs" */;
			compatibilityVersion = "Xcode 9.3";
			developmentRegion = en;
			hasScannedForEncodings = 0;
			knownRegions = (
				en,
				Base,
			);
			mainGroup = 7B2A251C249E7F1C00148AE7;
			productRefGroup = 7B2A2526249E7F1C00148AE7 /* Products */;
			projectDirPath = "";
			projectRoot = "";
			targets = (
				7B2A2524249E7F1C00148AE7 /* WeatherDetroitLabs */,
				7B2A253A249E7F1F00148AE7 /* WeatherDetroitLabsTests */,
			);
		};
/* End PBXProject section */

/* Begin PBXResourcesBuildPhase section */
		7B2A2523249E7F1C00148AE7 /* Resources */ = {
			isa = PBXResourcesBuildPhase;
			buildActionMask = 2147483647;
			files = (
				7B2A2535249E7F1F00148AE7 /* LaunchScreen.storyboard in Resources */,
				7B2A2532249E7F1F00148AE7 /* Assets.xcassets in Resources */,
				7B2A2530249E7F1C00148AE7 /* Main.storyboard in Resources */,
			);
			runOnlyForDeploymentPostprocessing = 0;
		};
		7B2A2539249E7F1F00148AE7 /* Resources */ = {
			isa = PBXResourcesBuildPhase;
			buildActionMask = 2147483647;
			files = (
			);
			runOnlyForDeploymentPostprocessing = 0;
		};
/* End PBXResourcesBuildPhase section */

/* Begin PBXSourcesBuildPhase section */
		7B2A2521249E7F1C00148AE7 /* Sources */ = {
			isa = PBXSourcesBuildPhase;
			buildActionMask = 2147483647;
			files = (
				7B2A252D249E7F1C00148AE7 /* ViewController.swift in Sources */,
				7B2A255E249E8EA200148AE7 /* CurrentWeather.swift in Sources */,
				7B2A2566249E94DA00148AE7 /* WebServices.swift in Sources */,
				7B2A2529249E7F1C00148AE7 /* AppDelegate.swift in Sources */,
				7B2A2558249E893B00148AE7 /* Main.swift in Sources */,
				7B2A2550249E816700148AE7 /* Network.swift in Sources */,
				7B2A2562249E908A00148AE7 /* ForecastWeather.swift in Sources */,
				7B2A252B249E7F1C00148AE7 /* SceneDelegate.swift in Sources */,
				7B2A2554249E871300148AE7 /* Weather.swift in Sources */,
				7B2A2564249E946600148AE7 /* NetworkError.swift in Sources */,
				7B2A2560249E8FA900148AE7 /* FiveDayWeather.swift in Sources */,
				7B2A2568249E957A00148AE7 /* Constants.swift in Sources */,
			);
			runOnlyForDeploymentPostprocessing = 0;
		};
		7B2A2537249E7F1F00148AE7 /* Sources */ = {
			isa = PBXSourcesBuildPhase;
			buildActionMask = 2147483647;
			files = (
				7B2A2540249E7F1F00148AE7 /* WeatherDetroitLabsTests.swift in Sources */,
			);
			runOnlyForDeploymentPostprocessing = 0;
		};
/* End PBXSourcesBuildPhase section */

/* Begin PBXTargetDependency section */
		7B2A253D249E7F1F00148AE7 /* PBXTargetDependency */ = {
			isa = PBXTargetDependency;
			target = 7B2A2524249E7F1C00148AE7 /* WeatherDetroitLabs */;
			targetProxy = 7B2A253C249E7F1F00148AE7 /* PBXContainerItemProxy */;
		};
/* End PBXTargetDependency section */

/* Begin PBXVariantGroup section */
		7B2A252E249E7F1C00148AE7 /* Main.storyboard */ = {
			isa = PBXVariantGroup;
			children = (
				7B2A252F249E7F1C00148AE7 /* Base */,
			);
			name = Main.storyboard;
			sourceTree = "<group>";
		};
		7B2A2533249E7F1F00148AE7 /* LaunchScreen.storyboard */ = {
			isa = PBXVariantGroup;
			children = (
				7B2A2534249E7F1F00148AE7 /* Base */,
			);
			name = LaunchScreen.storyboard;
			sourceTree = "<group>";
		};
/* End PBXVariantGroup section */

/* Begin XCBuildConfiguration section */
		7B2A2542249E7F1F00148AE7 /* Debug */ = {
			isa = XCBuildConfiguration;
			buildSettings = {
				ALWAYS_SEARCH_USER_PATHS = NO;
				CLANG_ANALYZER_NONNULL = YES;
				CLANG_ANALYZER_NUMBER_OBJECT_CONVERSION = YES_AGGRESSIVE;
				CLANG_CXX_LANGUAGE_STANDARD = "gnu++14";
				CLANG_CXX_LIBRARY = "libc++";
				CLANG_ENABLE_MODULES = YES;
				CLANG_ENABLE_OBJC_ARC = YES;
				CLANG_ENABLE_OBJC_WEAK = YES;
				CLANG_WARN_BLOCK_CAPTURE_AUTORELEASING = YES;
				CLANG_WARN_BOOL_CONVERSION = YES;
				CLANG_WARN_COMMA = YES;
				CLANG_WARN_CONSTANT_CONVERSION = YES;
				CLANG_WARN_DEPRECATED_OBJC_IMPLEMENTATIONS = YES;
				CLANG_WARN_DIRECT_OBJC_ISA_USAGE = YES_ERROR;
				CLANG_WARN_DOCUMENTATION_COMMENTS = YES;
				CLANG_WARN_EMPTY_BODY = YES;
				CLANG_WARN_ENUM_CONVERSION = YES;
				CLANG_WARN_INFINITE_RECURSION = YES;
				CLANG_WARN_INT_CONVERSION = YES;
				CLANG_WARN_NON_LITERAL_NULL_CONVERSION = YES;
				CLANG_WARN_OBJC_IMPLICIT_RETAIN_SELF = YES;
				CLANG_WARN_OBJC_LITERAL_CONVERSION = YES;
				CLANG_WARN_OBJC_ROOT_CLASS = YES_ERROR;
				CLANG_WARN_RANGE_LOOP_ANALYSIS = YES;
				CLANG_WARN_STRICT_PROTOTYPES = YES;
				CLANG_WARN_SUSPICIOUS_MOVE = YES;
				CLANG_WARN_UNGUARDED_AVAILABILITY = YES_AGGRESSIVE;
				CLANG_WARN_UNREACHABLE_CODE = YES;
				CLANG_WARN__DUPLICATE_METHOD_MATCH = YES;
				COPY_PHASE_STRIP = NO;
				DEBUG_INFORMATION_FORMAT = dwarf;
				ENABLE_STRICT_OBJC_MSGSEND = YES;
				ENABLE_TESTABILITY = YES;
				GCC_C_LANGUAGE_STANDARD = gnu11;
				GCC_DYNAMIC_NO_PIC = NO;
				GCC_NO_COMMON_BLOCKS = YES;
				GCC_OPTIMIZATION_LEVEL = 0;
				GCC_PREPROCESSOR_DEFINITIONS = (
					"DEBUG=1",
					"$(inherited)",
				);
				GCC_WARN_64_TO_32_BIT_CONVERSION = YES;
				GCC_WARN_ABOUT_RETURN_TYPE = YES_ERROR;
				GCC_WARN_UNDECLARED_SELECTOR = YES;
				GCC_WARN_UNINITIALIZED_AUTOS = YES_AGGRESSIVE;
				GCC_WARN_UNUSED_FUNCTION = YES;
				GCC_WARN_UNUSED_VARIABLE = YES;
				IPHONEOS_DEPLOYMENT_TARGET = 13.5;
				MTL_ENABLE_DEBUG_INFO = INCLUDE_SOURCE;
				MTL_FAST_MATH = YES;
				ONLY_ACTIVE_ARCH = YES;
				SDKROOT = iphoneos;
				SWIFT_ACTIVE_COMPILATION_CONDITIONS = DEBUG;
				SWIFT_OPTIMIZATION_LEVEL = "-Onone";
			};
			name = Debug;
		};
		7B2A2543249E7F1F00148AE7 /* Release */ = {
			isa = XCBuildConfiguration;
			buildSettings = {
				ALWAYS_SEARCH_USER_PATHS = NO;
				CLANG_ANALYZER_NONNULL = YES;
				CLANG_ANALYZER_NUMBER_OBJECT_CONVERSION = YES_AGGRESSIVE;
				CLANG_CXX_LANGUAGE_STANDARD = "gnu++14";
				CLANG_CXX_LIBRARY = "libc++";
				CLANG_ENABLE_MODULES = YES;
				CLANG_ENABLE_OBJC_ARC = YES;
				CLANG_ENABLE_OBJC_WEAK = YES;
				CLANG_WARN_BLOCK_CAPTURE_AUTORELEASING = YES;
				CLANG_WARN_BOOL_CONVERSION = YES;
				CLANG_WARN_COMMA = YES;
				CLANG_WARN_CONSTANT_CONVERSION = YES;
				CLANG_WARN_DEPRECATED_OBJC_IMPLEMENTATIONS = YES;
				CLANG_WARN_DIRECT_OBJC_ISA_USAGE = YES_ERROR;
				CLANG_WARN_DOCUMENTATION_COMMENTS = YES;
				CLANG_WARN_EMPTY_BODY = YES;
				CLANG_WARN_ENUM_CONVERSION = YES;
				CLANG_WARN_INFINITE_RECURSION = YES;
				CLANG_WARN_INT_CONVERSION = YES;
				CLANG_WARN_NON_LITERAL_NULL_CONVERSION = YES;
				CLANG_WARN_OBJC_IMPLICIT_RETAIN_SELF = YES;
				CLANG_WARN_OBJC_LITERAL_CONVERSION = YES;
				CLANG_WARN_OBJC_ROOT_CLASS = YES_ERROR;
				CLANG_WARN_RANGE_LOOP_ANALYSIS = YES;
				CLANG_WARN_STRICT_PROTOTYPES = YES;
				CLANG_WARN_SUSPICIOUS_MOVE = YES;
				CLANG_WARN_UNGUARDED_AVAILABILITY = YES_AGGRESSIVE;
				CLANG_WARN_UNREACHABLE_CODE = YES;
				CLANG_WARN__DUPLICATE_METHOD_MATCH = YES;
				COPY_PHASE_STRIP = NO;
				DEBUG_INFORMATION_FORMAT = "dwarf-with-dsym";
				ENABLE_NS_ASSERTIONS = NO;
				ENABLE_STRICT_OBJC_MSGSEND = YES;
				GCC_C_LANGUAGE_STANDARD = gnu11;
				GCC_NO_COMMON_BLOCKS = YES;
				GCC_WARN_64_TO_32_BIT_CONVERSION = YES;
				GCC_WARN_ABOUT_RETURN_TYPE = YES_ERROR;
				GCC_WARN_UNDECLARED_SELECTOR = YES;
				GCC_WARN_UNINITIALIZED_AUTOS = YES_AGGRESSIVE;
				GCC_WARN_UNUSED_FUNCTION = YES;
				GCC_WARN_UNUSED_VARIABLE = YES;
				IPHONEOS_DEPLOYMENT_TARGET = 13.5;
				MTL_ENABLE_DEBUG_INFO = NO;
				MTL_FAST_MATH = YES;
				SDKROOT = iphoneos;
				SWIFT_COMPILATION_MODE = wholemodule;
				SWIFT_OPTIMIZATION_LEVEL = "-O";
				VALIDATE_PRODUCT = YES;
			};
			name = Release;
		};
		7B2A2545249E7F1F00148AE7 /* Debug */ = {
			isa = XCBuildConfiguration;
			buildSettings = {
				ASSETCATALOG_COMPILER_APPICON_NAME = AppIcon;
				CODE_SIGN_STYLE = Automatic;
				DEVELOPMENT_TEAM = Y5XFZAHW66;
				INFOPLIST_FILE = WeatherDetroitLabs/Info.plist;
				LD_RUNPATH_SEARCH_PATHS = (
					"$(inherited)",
					"@executable_path/Frameworks",
				);
				PRODUCT_BUNDLE_IDENTIFIER = com.RaymondGatz.WeatherDetroitLabs;
				PRODUCT_NAME = "$(TARGET_NAME)";
				SWIFT_VERSION = 5.0;
				TARGETED_DEVICE_FAMILY = "1,2";
			};
			name = Debug;
		};
		7B2A2546249E7F1F00148AE7 /* Release */ = {
			isa = XCBuildConfiguration;
			buildSettings = {
				ASSETCATALOG_COMPILER_APPICON_NAME = AppIcon;
				CODE_SIGN_STYLE = Automatic;
				DEVELOPMENT_TEAM = Y5XFZAHW66;
				INFOPLIST_FILE = WeatherDetroitLabs/Info.plist;
				LD_RUNPATH_SEARCH_PATHS = (
					"$(inherited)",
					"@executable_path/Frameworks",
				);
				PRODUCT_BUNDLE_IDENTIFIER = com.RaymondGatz.WeatherDetroitLabs;
				PRODUCT_NAME = "$(TARGET_NAME)";
				SWIFT_VERSION = 5.0;
				TARGETED_DEVICE_FAMILY = "1,2";
			};
			name = Release;
		};
		7B2A2548249E7F1F00148AE7 /* Debug */ = {
			isa = XCBuildConfiguration;
			buildSettings = {
				ALWAYS_EMBED_SWIFT_STANDARD_LIBRARIES = YES;
				BUNDLE_LOADER = "$(TEST_HOST)";
				CODE_SIGN_STYLE = Automatic;
				DEVELOPMENT_TEAM = Y5XFZAHW66;
				INFOPLIST_FILE = WeatherDetroitLabsTests/Info.plist;
				IPHONEOS_DEPLOYMENT_TARGET = 13.5;
				LD_RUNPATH_SEARCH_PATHS = (
					"$(inherited)",
					"@executable_path/Frameworks",
					"@loader_path/Frameworks",
				);
				PRODUCT_BUNDLE_IDENTIFIER = com.RaymondGatz.WeatherDetroitLabsTests;
				PRODUCT_NAME = "$(TARGET_NAME)";
				SWIFT_VERSION = 5.0;
				TARGETED_DEVICE_FAMILY = "1,2";
				TEST_HOST = "$(BUILT_PRODUCTS_DIR)/WeatherDetroitLabs.app/WeatherDetroitLabs";
			};
			name = Debug;
		};
		7B2A2549249E7F1F00148AE7 /* Release */ = {
			isa = XCBuildConfiguration;
			buildSettings = {
				ALWAYS_EMBED_SWIFT_STANDARD_LIBRARIES = YES;
				BUNDLE_LOADER = "$(TEST_HOST)";
				CODE_SIGN_STYLE = Automatic;
				DEVELOPMENT_TEAM = Y5XFZAHW66;
				INFOPLIST_FILE = WeatherDetroitLabsTests/Info.plist;
				IPHONEOS_DEPLOYMENT_TARGET = 13.5;
				LD_RUNPATH_SEARCH_PATHS = (
					"$(inherited)",
					"@executable_path/Frameworks",
					"@loader_path/Frameworks",
				);
				PRODUCT_BUNDLE_IDENTIFIER = com.RaymondGatz.WeatherDetroitLabsTests;
				PRODUCT_NAME = "$(TARGET_NAME)";
				SWIFT_VERSION = 5.0;
				TARGETED_DEVICE_FAMILY = "1,2";
				TEST_HOST = "$(BUILT_PRODUCTS_DIR)/WeatherDetroitLabs.app/WeatherDetroitLabs";
			};
			name = Release;
		};
/* End XCBuildConfiguration section */

/* Begin XCConfigurationList section */
		7B2A2520249E7F1C00148AE7 /* Build configuration list for PBXProject "WeatherDetroitLabs" */ = {
			isa = XCConfigurationList;
			buildConfigurations = (
				7B2A2542249E7F1F00148AE7 /* Debug */,
				7B2A2543249E7F1F00148AE7 /* Release */,
			);
			defaultConfigurationIsVisible = 0;
			defaultConfigurationName = Release;
		};
		7B2A2544249E7F1F00148AE7 /* Build configuration list for PBXNativeTarget "WeatherDetroitLabs" */ = {
			isa = XCConfigurationList;
			buildConfigurations = (
				7B2A2545249E7F1F00148AE7 /* Debug */,
				7B2A2546249E7F1F00148AE7 /* Release */,
			);
			defaultConfigurationIsVisible = 0;
			defaultConfigurationName = Release;
		};
		7B2A2547249E7F1F00148AE7 /* Build configuration list for PBXNativeTarget "WeatherDetroitLabsTests" */ = {
			isa = XCConfigurationList;
			buildConfigurations = (
				7B2A2548249E7F1F00148AE7 /* Debug */,
				7B2A2549249E7F1F00148AE7 /* Release */,
			);
			defaultConfigurationIsVisible = 0;
			defaultConfigurationName = Release;
		};
/* End XCConfigurationList section */
	};
	rootObject = 7B2A251D249E7F1C00148AE7 /* Project object */;
}
